
Microsoft Visual Studio Solution File, Format Version 12.00
# Visual Studio 15
Project("{FAE04EC0-301F-11D3-BF4B-00C04F79EFBC}") = "Simple Stratagy", "Assembly-CSharp.csproj", "{2B3C03CD-14E2-4649-0E79-0F59FE38BBFE}"
EndProject
Global
	GlobalSection(SolutionConfigurationPlatforms) = preSolution
		Debug|Any CPU = Debug|Any CPU
		Release|Any CPU = Release|Any CPU
	EndGlobalSection
	GlobalSection(ProjectConfigurationPlatforms) = postSolution
		{2B3C03CD-14E2-4649-0E79-0F59FE38BBFE}.Debug|Any CPU.ActiveCfg = Debug|Any CPU
		{2B3C03CD-14E2-4649-0E79-0F59FE38BBFE}.Debug|Any CPU.Build.0 = Debug|Any CPU
		{2B3C03CD-14E2-4649-0E79-0F59FE38BBFE}.Release|Any CPU.ActiveCfg = Release|Any CPU
		{2B3C03CD-14E2-4649-0E79-0F59FE38BBFE}.Release|Any CPU.Build.0 = Release|Any CPU
	EndGlobalSection
	GlobalSection(SolutionProperties) = preSolution
		HideSolutionNode = FALSE
	EndGlobalSection
EndGlobal
